Microsoft Visual Studio Solution File, Format Version 11.00
# Visual Studio 2008

Project("{225E8258-F953-71AF-B004-75FF744A43EB}") = "Universidad1.0", "Assembly-CSharp.csproj", "{107CFE69-9639-687D-6AAD-8C166D5B70B0}"
EndProject
Global
	GlobalSection(SolutionConfigurationPlatforms) = preSolution
		Debug|Any CPU = Debug|Any CPU
		Release|Any CPU = Release|Any CPU
	EndGlobalSection
	GlobalSection(ProjectConfigurationPlatforms) = postSolution
		{107CFE69-9639-687D-6AAD-8C166D5B70B0}.Debug|Any CPU.ActiveCfg = Debug|Any CPU
		{107CFE69-9639-687D-6AAD-8C166D5B70B0}.Debug|Any CPU.Build.0 = Debug|Any CPU
		{107CFE69-9639-687D-6AAD-8C166D5B70B0}.Release|Any CPU.ActiveCfg = Release|Any CPU
		{107CFE69-9639-687D-6AAD-8C166D5B70B0}.Release|Any CPU.Build.0 = Release|Any CPU
	EndGlobalSection
	GlobalSection(SolutionProperties) = preSolution
		HideSolutionNode = FALSE
	EndGlobalSection
	GlobalSection(MonoDevelopProperties) = preSolution
		StartupItem = Assembly-CSharp.csproj
	EndGlobalSection
EndGlobal
